<?xml version="1.0" encoding="utf-8"?>
<Project ToolsVersion="4.0" xmlns="http://schemas.microsoft.com/developer/msbuild/2003">
  <ItemGroup>
    <Filter Include="Source Files">
      <UniqueIdentifier>{4FC737F1-C7A5-4376-A066-2A32D752A2FF}</UniqueIdentifier>
      <Extensions>cpp;c;cc;cxx;def;odl;idl;hpj;bat;asm;asmx</Extensions>
    </Filter>
    <Filter Include="Header Files">
      <UniqueIdentifier>{93995380-89BD-4b04-88EB-625FBE52EBFB}</UniqueIdentifier>
      <Extensions>h;hpp;hxx;hm;inl;inc;xsd</Extensions>
    </Filter>
    <Filter Include="Resource Files">
      <UniqueIdentifier>{67DA6AB6-F800-4c08-8B7A-83BB121AAD01}</UniqueIdentifier>
      <Extensions>rc;ico;cur;bmp;dlg;rc2;rct;bin;rgs;gif;jpg;jpeg;jpe;resx;tiff;tif;png;wav;mfcribbon-ms</Extensions>
    </Filter>
    <Filter Include="Source Files\BaseObjects">
      <UniqueIdentifier>{03b1c06c-a106-47ba-9033-723487400355}</UniqueIdentifier>
    </Filter>
    <Filter Include="Header Files\Game Objects">
      <UniqueIdentifier>{cef2c1ad-37cc-412f-bc4a-1999b749d8bb}</UniqueIdentifier>
    </Filter>
    <Filter Include="Header Files\Commands">
      <UniqueIdentifier>{2619d7a0-4d79-4f4e-a51b-c788c16170d5}</UniqueIdentifier>
    </Filter>
    <Filter Include="Source Files\Commands">
      <UniqueIdentifier>{a5e51b3f-b10d-473d-8081-514b0be6dde1}</UniqueIdentifier>
    </Filter>
    <Filter Include="Header Files\Util">
      <UniqueIdentifier>{b704dc60-d7b8-4896-b949-af31991640dd}</UniqueIdentifier>
    </Filter>
    <Filter Include="Source Files\Util">
      <UniqueIdentifier>{1dcc18d2-bb88-4b1b-a9ee-3b34d39d81ca}</UniqueIdentifier>
    </Filter>
    <Filter Include="Header Files\Map">
      <UniqueIdentifier>{d5dcab21-5d2f-4b50-ba97-7b817be8cf26}</UniqueIdentifier>
    </Filter>
    <Filter Include="Source Files\Map">
      <UniqueIdentifier>{82691311-f628-44c6-a771-91155ac6b971}</UniqueIdentifier>
    </Filter>
    <Filter Include="Header Files\ProgramStates">
      <UniqueIdentifier>{a17672ac-0d52-4158-aed7-28f3f58628b0}</UniqueIdentifier>
    </Filter>
    <Filter Include="Source Files\ProgramStates">
      <UniqueIdentifier>{fa646bb3-522c-4c74-9ac1-352b0493b41f}</UniqueIdentifier>
    </Filter>
    <Filter Include="Header Files\Structs">
      <UniqueIdentifier>{fc13d042-4e52-40ed-b2e1-490ecc565c81}</UniqueIdentifier>
    </Filter>
    <Filter Include="Header Files\Game Objects\Towers">
      <UniqueIdentifier>{77fc3469-8da3-4064-a2c8-e7917f11bc48}</UniqueIdentifier>
    </Filter>
    <Filter Include="Header Files\Util\LinkedList">
      <UniqueIdentifier>{51d90604-5beb-4adb-b77c-13ebd06d20de}</UniqueIdentifier>
    </Filter>
    <Filter Include="Source Files\Util\LinkedList">
      <UniqueIdentifier>{6339aa26-0b2b-4d87-bb64-b394e4221d8d}</UniqueIdentifier>
    </Filter>
  </ItemGroup>
  <ItemGroup>
    <ClCompile Include="main.cpp">
      <Filter>Source Files</Filter>
    </ClCompile>
    <ClCompile Include="Enemy.cpp">
      <Filter>Source Files\BaseObjects</Filter>
    </ClCompile>
    <ClCompile Include="MoveCommand.cpp">
      <Filter>Source Files\Commands</Filter>
    </ClCompile>
    <ClCompile Include="MovableObject.cpp">
      <Filter>Source Files\BaseObjects</Filter>
    </ClCompile>
    <ClCompile Include="SquareGrid.cpp">
      <Filter>Source Files\Map</Filter>
    </ClCompile>
    <ClCompile Include="GameState.cpp">
      <Filter>Source Files\ProgramStates</Filter>
    </ClCompile>
    <ClCompile Include="MouseExtra.cpp">
      <Filter>Source Files\Util</Filter>
    </ClCompile>
    <ClCompile Include="BaseTower.cpp">
      <Filter>Source Files\BaseObjects</Filter>
    </ClCompile>
    <ClCompile Include="Node.cpp">
      <Filter>Source Files\Util\LinkedList</Filter>
    </ClCompile>
  </ItemGroup>
  <ItemGroup>
    <ClInclude Include="BaseObject.h">
      <Filter>Header Files\Game Objects</Filter>
    </ClInclude>
    <ClInclude Include="Enemy.h">
      <Filter>Header Files\Game Objects</Filter>
    </ClInclude>
    <ClInclude Include="MovableObject.h">
      <Filter>Header Files\Game Objects</Filter>
    </ClInclude>
    <ClInclude Include="Command.h">
      <Filter>Header Files\Commands</Filter>
    </ClInclude>
    <ClInclude Include="MoveCommand.h">
      <Filter>Header Files\Commands</Filter>
    </ClInclude>
    <ClInclude Include="Defines.h">
      <Filter>Header Files\Util</Filter>
    </ClInclude>
    <ClInclude Include="SquareGrid.h">
      <Filter>Header Files\Map</Filter>
    </ClInclude>
    <ClInclude Include="Spawner.h">
      <Filter>Header Files\Map</Filter>
    </ClInclude>
    <ClInclude Include="GameState.h">
      <Filter>Header Files\ProgramStates</Filter>
    </ClInclude>
    <ClInclude Include="ProgramState.h">
      <Filter>Header Files\ProgramStates</Filter>
    </ClInclude>
    <ClInclude Include="Wave.h">
      <Filter>Header Files\Structs</Filter>
    </ClInclude>
    <ClInclude Include="SpawnerStruct.h">
      <Filter>Header Files\Structs</Filter>
    </ClInclude>
    <ClInclude Include="Observer.h">
      <Filter>Header Files\Util</Filter>
    </ClInclude>
    <ClInclude Include="Subject.h">
      <Filter>Header Files\Util</Filter>
    </ClInclude>
    <ClInclude Include="Events.h">
      <Filter>Header Files\Util</Filter>
    </ClInclude>
    <ClInclude Include="MouseExtra.h">
      <Filter>Header Files\Util</Filter>
    </ClInclude>
    <ClInclude Include="BaseTower.h">
      <Filter>Header Files\Game Objects\Towers</Filter>
    </ClInclude>
    <ClInclude Include="Trigger.h">
      <Filter>Header Files\Util</Filter>
    </ClInclude>
    <ClInclude Include="Node.h">
      <Filter>Header Files\Util\LinkedList</Filter>
    </ClInclude>
  </ItemGroup>
</Project>